
Microsoft Visual Studio Solution File, Format Version 12.00
# Visual Studio Version 16
VisualStudioVersion = 16.0.31321.278
MinimumVisualStudioVersion = 10.0.40219.1
Project("{2150E333-8FDC-42A3-9474-1A3956D46DE8}") = "Solution Items", "Solution Items", "{FD69FF11-AC5A-491A-8277-8AFE14E7841C}"
	ProjectSection(SolutionItems) = preProject
		global.json = global.json
		README.md = README.md
	EndProjectSection
EndProject
Project("{2150E333-8FDC-42A3-9474-1A3956D46DE8}") = "src", "src", "{1C586AE4-057A-4A8C-AF35-716A81ACD1C6}"
EndProject
Project("{2150E333-8FDC-42A3-9474-1A3956D46DE8}") = "tests", "tests", "{CEB027AA-766A-451D-A81C-46FEFF449AE8}"
EndProject
Project("{2150E333-8FDC-42A3-9474-1A3956D46DE8}") = "ApiGateways", "ApiGateways", "{15A1BC5B-D222-4291-B562-5A3962745FE8}"
EndProject
Project("{2150E333-8FDC-42A3-9474-1A3956D46DE8}") = "BuildingBlocks", "BuildingBlocks", "{89E0B844-F423-4814-98B7-BFBFEA6B9D96}"
EndProject
Project("{2150E333-8FDC-42A3-9474-1A3956D46DE8}") = "Services", "Services", "{B6E4E251-9674-4FAB-B454-17995EFED316}"
EndProject
Project("{FAE04EC0-301F-11D3-BF4B-00C04F79EFBC}") = "Common.Logging", "src\BuildingBlocks\Common.Logging\Common.Logging.csproj", "{38D4D9C8-27A0-43BB-A748-6934595677CC}"
EndProject
Project("{FAE04EC0-301F-11D3-BF4B-00C04F79EFBC}") = "EventBus.Messages", "src\BuildingBlocks\EventBus.Messages\EventBus.Messages.csproj", "{E5F0017F-7216-4F41-AD59-3A1C3684FBCF}"
EndProject
Project("{2150E333-8FDC-42A3-9474-1A3956D46DE8}") = "Basket", "Basket", "{876AF3C8-7744-43C7-A5E4-596F2382D65C}"
EndProject
Project("{2150E333-8FDC-42A3-9474-1A3956D46DE8}") = "Customer", "Customer", "{335BD23C-A5D2-412B-A54C-E2BC4FAC5253}"
EndProject
Project("{2150E333-8FDC-42A3-9474-1A3956D46DE8}") = "Inventory", "Inventory", "{CDBEF429-BAF9-4159-AA30-FA5724F242B9}"
EndProject
Project("{2150E333-8FDC-42A3-9474-1A3956D46DE8}") = "Ordering", "Ordering", "{8171E50C-42B2-419B-80D5-34F33A27F396}"
EndProject
Project("{2150E333-8FDC-42A3-9474-1A3956D46DE8}") = "Product", "Product", "{851CA30C-929B-4583-8CE7-041627550937}"
EndProject
Project("{2150E333-8FDC-42A3-9474-1A3956D46DE8}") = "Scheduled.Job", "Scheduled.Job", "{C1DD61C1-C5B3-407A-A839-82835EE3F26D}"
EndProject
Project("{2150E333-8FDC-42A3-9474-1A3956D46DE8}") = "WebApps", "WebApps", "{0EC0590D-2666-40B2-9697-2805FA938321}"
EndProject
Project("{FAE04EC0-301F-11D3-BF4B-00C04F79EFBC}") = "WebHealthStatus", "src\WebApps\WebHealthStatus\WebHealthStatus.csproj", "{13F884CD-36A2-4937-BC94-625ABBB1132D}"
EndProject
Project("{FAE04EC0-301F-11D3-BF4B-00C04F79EFBC}") = "Ordering.API", "src\Services\Ordering.API\Ordering.API.csproj", "{06BD2D5C-5CFC-4970-A38A-33BC386C1FE8}"
EndProject
Project("{FAE04EC0-301F-11D3-BF4B-00C04F79EFBC}") = "Basket.API", "src\Services\Basket.API\Basket.API.csproj", "{D8CCB819-B7A2-4DEF-A034-1A945FBCDEE5}"
EndProject
Project("{FAE04EC0-301F-11D3-BF4B-00C04F79EFBC}") = "Customer.API", "src\Services\Customer.API\Customer.API.csproj", "{4A2E4DE6-CAFA-46FD-8532-8E2D73636416}"
EndProject
Project("{FAE04EC0-301F-11D3-BF4B-00C04F79EFBC}") = "Inventory.Product.API", "src\Services\Inventory.Product.API\Inventory.Product.API.csproj", "{CEAAB00F-D549-4814-B40C-63F8DAA442C3}"
EndProject
Project("{FAE04EC0-301F-11D3-BF4B-00C04F79EFBC}") = "Product.API", "src\Services\Product.API\Product.API.csproj", "{B2EAD070-8102-4CCA-9B54-C496341DB6AD}"
EndProject
Project("{FAE04EC0-301F-11D3-BF4B-00C04F79EFBC}") = "Hangfire.API", "src\Services\Hangfire.API\Hangfire.API.csproj", "{F4289E64-A80C-4EA4-A43F-AACEA590D8FF}"
EndProject
Project("{FAE04EC0-301F-11D3-BF4B-00C04F79EFBC}") = "Contracts", "src\BuildingBlocks\Contracts\Contracts.csproj", "{6A689D21-1B3B-4301-95C1-4F6A5F18C988}"
EndProject
Project("{FAE04EC0-301F-11D3-BF4B-00C04F79EFBC}") = "Infrastructures", "src\BuildingBlocks\Infrastructures\Infrastructures.csproj", "{73043E6C-D267-4493-8767-906E0111BBFF}"
EndProject
Project("{FAE04EC0-301F-11D3-BF4B-00C04F79EFBC}") = "Shared", "src\BuildingBlocks\Shared\Shared.csproj", "{DD215290-D28D-4982-81E8-67A703718FB9}"
EndProject
Project("{FAE04EC0-301F-11D3-BF4B-00C04F79EFBC}") = "OcelotApiGw", "src\ApiGateways\OcelotApiGw\OcelotApiGw.csproj", "{59B99A4B-8428-4473-AF29-260F57710B07}"
EndProject
Global
	GlobalSection(SolutionConfigurationPlatforms) = preSolution
		Debug|Any CPU = Debug|Any CPU
		Release|Any CPU = Release|Any CPU
	EndGlobalSection
	GlobalSection(ProjectConfigurationPlatforms) = postSolution
		{38D4D9C8-27A0-43BB-A748-6934595677CC}.Debug|Any CPU.ActiveCfg = Debug|Any CPU
		{38D4D9C8-27A0-43BB-A748-6934595677CC}.Debug|Any CPU.Build.0 = Debug|Any CPU
		{38D4D9C8-27A0-43BB-A748-6934595677CC}.Release|Any CPU.ActiveCfg = Release|Any CPU
		{38D4D9C8-27A0-43BB-A748-6934595677CC}.Release|Any CPU.Build.0 = Release|Any CPU
		{E5F0017F-7216-4F41-AD59-3A1C3684FBCF}.Debug|Any CPU.ActiveCfg = Debug|Any CPU
		{E5F0017F-7216-4F41-AD59-3A1C3684FBCF}.Debug|Any CPU.Build.0 = Debug|Any CPU
		{E5F0017F-7216-4F41-AD59-3A1C3684FBCF}.Release|Any CPU.ActiveCfg = Release|Any CPU
		{E5F0017F-7216-4F41-AD59-3A1C3684FBCF}.Release|Any CPU.Build.0 = Release|Any CPU
		{13F884CD-36A2-4937-BC94-625ABBB1132D}.Debug|Any CPU.ActiveCfg = Debug|Any CPU
		{13F884CD-36A2-4937-BC94-625ABBB1132D}.Debug|Any CPU.Build.0 = Debug|Any CPU
		{13F884CD-36A2-4937-BC94-625ABBB1132D}.Release|Any CPU.ActiveCfg = Release|Any CPU
		{13F884CD-36A2-4937-BC94-625ABBB1132D}.Release|Any CPU.Build.0 = Release|Any CPU
		{06BD2D5C-5CFC-4970-A38A-33BC386C1FE8}.Debug|Any CPU.ActiveCfg = Debug|Any CPU
		{06BD2D5C-5CFC-4970-A38A-33BC386C1FE8}.Debug|Any CPU.Build.0 = Debug|Any CPU
		{06BD2D5C-5CFC-4970-A38A-33BC386C1FE8}.Release|Any CPU.ActiveCfg = Release|Any CPU
		{06BD2D5C-5CFC-4970-A38A-33BC386C1FE8}.Release|Any CPU.Build.0 = Release|Any CPU
		{D8CCB819-B7A2-4DEF-A034-1A945FBCDEE5}.Debug|Any CPU.ActiveCfg = Debug|Any CPU
		{D8CCB819-B7A2-4DEF-A034-1A945FBCDEE5}.Debug|Any CPU.Build.0 = Debug|Any CPU
		{D8CCB819-B7A2-4DEF-A034-1A945FBCDEE5}.Release|Any CPU.ActiveCfg = Release|Any CPU
		{D8CCB819-B7A2-4DEF-A034-1A945FBCDEE5}.Release|Any CPU.Build.0 = Release|Any CPU
		{4A2E4DE6-CAFA-46FD-8532-8E2D73636416}.Debug|Any CPU.ActiveCfg = Debug|Any CPU
		{4A2E4DE6-CAFA-46FD-8532-8E2D73636416}.Debug|Any CPU.Build.0 = Debug|Any CPU
		{4A2E4DE6-CAFA-46FD-8532-8E2D73636416}.Release|Any CPU.ActiveCfg = Release|Any CPU
		{4A2E4DE6-CAFA-46FD-8532-8E2D73636416}.Release|Any CPU.Build.0 = Release|Any CPU
		{CEAAB00F-D549-4814-B40C-63F8DAA442C3}.Debug|Any CPU.ActiveCfg = Debug|Any CPU
		{CEAAB00F-D549-4814-B40C-63F8DAA442C3}.Debug|Any CPU.Build.0 = Debug|Any CPU
		{CEAAB00F-D549-4814-B40C-63F8DAA442C3}.Release|Any CPU.ActiveCfg = Release|Any CPU
		{CEAAB00F-D549-4814-B40C-63F8DAA442C3}.Release|Any CPU.Build.0 = Release|Any CPU
		{B2EAD070-8102-4CCA-9B54-C496341DB6AD}.Debug|Any CPU.ActiveCfg = Debug|Any CPU
		{B2EAD070-8102-4CCA-9B54-C496341DB6AD}.Debug|Any CPU.Build.0 = Debug|Any CPU
		{B2EAD070-8102-4CCA-9B54-C496341DB6AD}.Release|Any CPU.ActiveCfg = Release|Any CPU
		{B2EAD070-8102-4CCA-9B54-C496341DB6AD}.Release|Any CPU.Build.0 = Release|Any CPU
		{F4289E64-A80C-4EA4-A43F-AACEA590D8FF}.Debug|Any CPU.ActiveCfg = Debug|Any CPU
		{F4289E64-A80C-4EA4-A43F-AACEA590D8FF}.Debug|Any CPU.Build.0 = Debug|Any CPU
		{F4289E64-A80C-4EA4-A43F-AACEA590D8FF}.Release|Any CPU.ActiveCfg = Release|Any CPU
		{F4289E64-A80C-4EA4-A43F-AACEA590D8FF}.Release|Any CPU.Build.0 = Release|Any CPU
		{6A689D21-1B3B-4301-95C1-4F6A5F18C988}.Debug|Any CPU.ActiveCfg = Debug|Any CPU
		{6A689D21-1B3B-4301-95C1-4F6A5F18C988}.Debug|Any CPU.Build.0 = Debug|Any CPU
		{6A689D21-1B3B-4301-95C1-4F6A5F18C988}.Release|Any CPU.ActiveCfg = Release|Any CPU
		{6A689D21-1B3B-4301-95C1-4F6A5F18C988}.Release|Any CPU.Build.0 = Release|Any CPU
		{73043E6C-D267-4493-8767-906E0111BBFF}.Debug|Any CPU.ActiveCfg = Debug|Any CPU
		{73043E6C-D267-4493-8767-906E0111BBFF}.Debug|Any CPU.Build.0 = Debug|Any CPU
		{73043E6C-D267-4493-8767-906E0111BBFF}.Release|Any CPU.ActiveCfg = Release|Any CPU
		{73043E6C-D267-4493-8767-906E0111BBFF}.Release|Any CPU.Build.0 = Release|Any CPU
		{DD215290-D28D-4982-81E8-67A703718FB9}.Debug|Any CPU.ActiveCfg = Debug|Any CPU
		{DD215290-D28D-4982-81E8-67A703718FB9}.Debug|Any CPU.Build.0 = Debug|Any CPU
		{DD215290-D28D-4982-81E8-67A703718FB9}.Release|Any CPU.ActiveCfg = Release|Any CPU
		{DD215290-D28D-4982-81E8-67A703718FB9}.Release|Any CPU.Build.0 = Release|Any CPU
		{59B99A4B-8428-4473-AF29-260F57710B07}.Debug|Any CPU.ActiveCfg = Debug|Any CPU
		{59B99A4B-8428-4473-AF29-260F57710B07}.Debug|Any CPU.Build.0 = Debug|Any CPU
		{59B99A4B-8428-4473-AF29-260F57710B07}.Release|Any CPU.ActiveCfg = Release|Any CPU
		{59B99A4B-8428-4473-AF29-260F57710B07}.Release|Any CPU.Build.0 = Release|Any CPU
	EndGlobalSection
	GlobalSection(SolutionProperties) = preSolution
		HideSolutionNode = FALSE
	EndGlobalSection
	GlobalSection(NestedProjects) = preSolution
		{15A1BC5B-D222-4291-B562-5A3962745FE8} = {1C586AE4-057A-4A8C-AF35-716A81ACD1C6}
		{89E0B844-F423-4814-98B7-BFBFEA6B9D96} = {1C586AE4-057A-4A8C-AF35-716A81ACD1C6}
		{B6E4E251-9674-4FAB-B454-17995EFED316} = {1C586AE4-057A-4A8C-AF35-716A81ACD1C6}
		{38D4D9C8-27A0-43BB-A748-6934595677CC} = {89E0B844-F423-4814-98B7-BFBFEA6B9D96}
		{E5F0017F-7216-4F41-AD59-3A1C3684FBCF} = {89E0B844-F423-4814-98B7-BFBFEA6B9D96}
		{876AF3C8-7744-43C7-A5E4-596F2382D65C} = {B6E4E251-9674-4FAB-B454-17995EFED316}
		{335BD23C-A5D2-412B-A54C-E2BC4FAC5253} = {B6E4E251-9674-4FAB-B454-17995EFED316}
		{CDBEF429-BAF9-4159-AA30-FA5724F242B9} = {B6E4E251-9674-4FAB-B454-17995EFED316}
		{8171E50C-42B2-419B-80D5-34F33A27F396} = {B6E4E251-9674-4FAB-B454-17995EFED316}
		{851CA30C-929B-4583-8CE7-041627550937} = {B6E4E251-9674-4FAB-B454-17995EFED316}
		{C1DD61C1-C5B3-407A-A839-82835EE3F26D} = {B6E4E251-9674-4FAB-B454-17995EFED316}
		{0EC0590D-2666-40B2-9697-2805FA938321} = {1C586AE4-057A-4A8C-AF35-716A81ACD1C6}
		{13F884CD-36A2-4937-BC94-625ABBB1132D} = {0EC0590D-2666-40B2-9697-2805FA938321}
		{06BD2D5C-5CFC-4970-A38A-33BC386C1FE8} = {8171E50C-42B2-419B-80D5-34F33A27F396}
		{D8CCB819-B7A2-4DEF-A034-1A945FBCDEE5} = {876AF3C8-7744-43C7-A5E4-596F2382D65C}
		{4A2E4DE6-CAFA-46FD-8532-8E2D73636416} = {335BD23C-A5D2-412B-A54C-E2BC4FAC5253}
		{CEAAB00F-D549-4814-B40C-63F8DAA442C3} = {CDBEF429-BAF9-4159-AA30-FA5724F242B9}
		{B2EAD070-8102-4CCA-9B54-C496341DB6AD} = {851CA30C-929B-4583-8CE7-041627550937}
		{F4289E64-A80C-4EA4-A43F-AACEA590D8FF} = {C1DD61C1-C5B3-407A-A839-82835EE3F26D}
		{6A689D21-1B3B-4301-95C1-4F6A5F18C988} = {89E0B844-F423-4814-98B7-BFBFEA6B9D96}
		{73043E6C-D267-4493-8767-906E0111BBFF} = {89E0B844-F423-4814-98B7-BFBFEA6B9D96}
		{DD215290-D28D-4982-81E8-67A703718FB9} = {89E0B844-F423-4814-98B7-BFBFEA6B9D96}
		{59B99A4B-8428-4473-AF29-260F57710B07} = {15A1BC5B-D222-4291-B562-5A3962745FE8}
	EndGlobalSection
	GlobalSection(ExtensibilityGlobals) = postSolution
		SolutionGuid = {2CECBE30-9CF7-414E-BE0C-E452E3C7BA61}
	EndGlobalSection
EndGlobal
